
Microsoft Visual Studio Solution File, Format Version 12.00
# Visual Studio Version 17
VisualStudioVersion = 17.9.34701.34
MinimumVisualStudioVersion = 10.0.40219.1
Project("{FAE04EC0-301F-11D3-BF4B-00C04F79EFBC}") = "11.09 HW2", "11.09 HW2.csproj", "{402C42AB-F033-41F2-B62E-140CA138C475}"
EndProject
Global
	GlobalSection(SolutionConfigurationPlatforms) = preSolution
		Debug|Any CPU = Debug|Any CPU
		Release|Any CPU = Release|Any CPU
	EndGlobalSection
	GlobalSection(ProjectConfigurationPlatforms) = postSolution
		{402C42AB-F033-41F2-B62E-140CA138C475}.Debug|Any CPU.ActiveCfg = Debug|Any CPU
		{402C42AB-F033-41F2-B62E-140CA138C475}.Debug|Any CPU.Build.0 = Debug|Any CPU
		{402C42AB-F033-41F2-B62E-140CA138C475}.Release|Any CPU.ActiveCfg = Release|Any CPU
		{402C42AB-F033-41F2-B62E-140CA138C475}.Release|Any CPU.Build.0 = Release|Any CPU
	EndGlobalSection
	GlobalSection(SolutionProperties) = preSolution
		HideSolutionNode = FALSE
	EndGlobalSection
	GlobalSection(ExtensibilityGlobals) = postSolution
		SolutionGuid = {22201731-9CB7-45B0-86EF-991246F71883}
	EndGlobalSection
EndGlobal
